
Microsoft Visual Studio Solution File, Format Version 12.00
# Visual Studio Version 17
VisualStudioVersion = 17.6.33815.320
MinimumVisualStudioVersion = 10.0.40219.1
Project("{FAE04EC0-301F-11D3-BF4B-00C04F79EFBC}") = "MODRP_JobMedic", "MODRP_JobMedic.csproj", "{069E3800-CDF0-4552-813F-6F0DD16606BA}"
EndProject
Global
	GlobalSection(SolutionConfigurationPlatforms) = preSolution
		Debug|Any CPU = Debug|Any CPU
		Release|Any CPU = Release|Any CPU
	EndGlobalSection
	GlobalSection(ProjectConfigurationPlatforms) = postSolution
		{069E3800-CDF0-4552-813F-6F0DD16606BA}.Debug|Any CPU.ActiveCfg = Debug|Any CPU
		{069E3800-CDF0-4552-813F-6F0DD16606BA}.Debug|Any CPU.Build.0 = Debug|Any CPU
		{069E3800-CDF0-4552-813F-6F0DD16606BA}.Release|Any CPU.ActiveCfg = Release|Any CPU
		{069E3800-CDF0-4552-813F-6F0DD16606BA}.Release|Any CPU.Build.0 = Release|Any CPU
	EndGlobalSection
	GlobalSection(SolutionProperties) = preSolution
		HideSolutionNode = FALSE
	EndGlobalSection
	GlobalSection(ExtensibilityGlobals) = postSolution
		SolutionGuid = {81D0561A-F16C-4739-B6BD-0F34EC3B44B6}
	EndGlobalSection
EndGlobal
